// !$*UTF8*$!
{
	archiveVersion = 1;
	classes = {
	};
	objectVersion = 55;
	objects = {

/* Begin PBXBuildFile section */
		BC19768228589AD8000ABE4C /* AppDelegate.swift in Sources */ = {isa = PBXBuildFile; fileRef = BC19768128589AD8000ABE4C /* AppDelegate.swift */; };
		BC19768428589AD8000ABE4C /* SceneDelegate.swift in Sources */ = {isa = PBXBuildFile; fileRef = BC19768328589AD8000ABE4C /* SceneDelegate.swift */; };
		BC19768628589AD8000ABE4C /* ListGameViewController.swift in Sources */ = {isa = PBXBuildFile; fileRef = BC19768528589AD8000ABE4C /* ListGameViewController.swift */; };
		BC19768928589AD8000ABE4C /* Main.storyboard in Resources */ = {isa = PBXBuildFile; fileRef = BC19768728589AD8000ABE4C /* Main.storyboard */; };
		BC19768B28589ADA000ABE4C /* Assets.xcassets in Resources */ = {isa = PBXBuildFile; fileRef = BC19768A28589ADA000ABE4C /* Assets.xcassets */; };
		BC19768E28589ADA000ABE4C /* LaunchScreen.storyboard in Resources */ = {isa = PBXBuildFile; fileRef = BC19768C28589ADA000ABE4C /* LaunchScreen.storyboard */; };
		BC1976C7285B91B6000ABE4C /* GameTableViewCell.swift in Sources */ = {isa = PBXBuildFile; fileRef = BC1976C5285B91B6000ABE4C /* GameTableViewCell.swift */; };
		BC1976C8285B91B6000ABE4C /* GameTableViewCell.xib in Resources */ = {isa = PBXBuildFile; fileRef = BC1976C6285B91B6000ABE4C /* GameTableViewCell.xib */; };
		BC1976CB285B9B3C000ABE4C /* DetailGameViewController.swift in Sources */ = {isa = PBXBuildFile; fileRef = BC1976C9285B9B3C000ABE4C /* DetailGameViewController.swift */; };
		BC1976CC285B9B3C000ABE4C /* DetailGameViewController.xib in Resources */ = {isa = PBXBuildFile; fileRef = BC1976CA285B9B3C000ABE4C /* DetailGameViewController.xib */; };
		BC1976D4285C9B6E000ABE4C /* Formatter.swift in Sources */ = {isa = PBXBuildFile; fileRef = BC1976D3285C9B6E000ABE4C /* Formatter.swift */; };
		BC1976D7285CA1CD000ABE4C /* ProfileViewController.swift in Sources */ = {isa = PBXBuildFile; fileRef = BC1976D5285CA1CD000ABE4C /* ProfileViewController.swift */; };
		BC1976D8285CA1CD000ABE4C /* ProfileViewController.xib in Resources */ = {isa = PBXBuildFile; fileRef = BC1976D6285CA1CD000ABE4C /* ProfileViewController.xib */; };
		BC9AEC7C293E5237006F4127 /* Swinject in Frameworks */ = {isa = PBXBuildFile; productRef = BC9AEC7B293E5237006F4127 /* Swinject */; };
		BCA7276729694E6500BD5C56 /* FavoriteGameInjection.swift in Sources */ = {isa = PBXBuildFile; fileRef = BCA7276629694E6500BD5C56 /* FavoriteGameInjection.swift */; };
		BCA7277A2969FB6400BD5C56 /* DetailGameInjection.swift in Sources */ = {isa = PBXBuildFile; fileRef = BCA727792969FB6400BD5C56 /* DetailGameInjection.swift */; };
		BCA7277C296A049E00BD5C56 /* ListGameInjection.swift in Sources */ = {isa = PBXBuildFile; fileRef = BCA7277B296A049E00BD5C56 /* ListGameInjection.swift */; };
		BCA7278C296B24F300BD5C56 /* DetailGame in Frameworks */ = {isa = PBXBuildFile; productRef = BCA7278B296B24F300BD5C56 /* DetailGame */; };
		BCA7278E296B24F700BD5C56 /* FavoriteGame in Frameworks */ = {isa = PBXBuildFile; productRef = BCA7278D296B24F700BD5C56 /* FavoriteGame */; };
		BCA72790296B24FB00BD5C56 /* ListGame in Frameworks */ = {isa = PBXBuildFile; productRef = BCA7278F296B24FB00BD5C56 /* ListGame */; };
		BCA72792296B24FE00BD5C56 /* ImageDownloader in Frameworks */ = {isa = PBXBuildFile; productRef = BCA72791296B24FE00BD5C56 /* ImageDownloader */; };
		BCA727AC296B3F3500BD5C56 /* GamerankTests.swift in Sources */ = {isa = PBXBuildFile; fileRef = BCA727AB296B3F3500BD5C56 /* GamerankTests.swift */; };
		BCA727B9296B3F5600BD5C56 /* GamerankUITests.swift in Sources */ = {isa = PBXBuildFile; fileRef = BCA727B8296B3F5600BD5C56 /* GamerankUITests.swift */; };
		BCA727BB296B3F5600BD5C56 /* GamerankUITestsLaunchTests.swift in Sources */ = {isa = PBXBuildFile; fileRef = BCA727BA296B3F5600BD5C56 /* GamerankUITestsLaunchTests.swift */; };
		BCA727C3296B416900BD5C56 /* RxCocoa in Frameworks */ = {isa = PBXBuildFile; productRef = BCA727C2296B416900BD5C56 /* RxCocoa */; };
		BCA727C5296B416900BD5C56 /* RxSwift in Frameworks */ = {isa = PBXBuildFile; productRef = BCA727C4296B416900BD5C56 /* RxSwift */; };
		BCA727C7296B43E300BD5C56 /* CoreModule in Frameworks */ = {isa = PBXBuildFile; productRef = BCA727C6296B43E300BD5C56 /* CoreModule */; };
		BCAB75EC2861FF60003FE514 /* ListFavoriteGameViewController.swift in Sources */ = {isa = PBXBuildFile; fileRef = BCAB75EA2861FF60003FE514 /* ListFavoriteGameViewController.swift */; };
		BCAB75ED2861FF60003FE514 /* ListFavoriteGameViewController.xib in Resources */ = {isa = PBXBuildFile; fileRef = BCAB75EB2861FF60003FE514 /* ListFavoriteGameViewController.xib */; };
/* End PBXBuildFile section */

/* Begin PBXContainerItemProxy section */
		BCA727AD296B3F3500BD5C56 /* PBXContainerItemProxy */ = {
			isa = PBXContainerItemProxy;
			containerPortal = BC19767628589AD8000ABE4C /* Project object */;
			proxyType = 1;
			remoteGlobalIDString = BC19767D28589AD8000ABE4C;
			remoteInfo = Gamerank;
		};
		BCA727BC296B3F5600BD5C56 /* PBXContainerItemProxy */ = {
			isa = PBXContainerItemProxy;
			containerPortal = BC19767628589AD8000ABE4C /* Project object */;
			proxyType = 1;
			remoteGlobalIDString = BC19767D28589AD8000ABE4C;
			remoteInfo = Gamerank;
		};
/* End PBXContainerItemProxy section */

/* Begin PBXFileReference section */
		BC19767E28589AD8000ABE4C /* Gamerank.app */ = {isa = PBXFileReference; explicitFileType = wrapper.application; includeInIndex = 0; path = Gamerank.app; sourceTree = BUILT_PRODUCTS_DIR; };
		BC19768128589AD8000ABE4C /* AppDelegate.swift */ = {isa = PBXFileReference; lastKnownFileType = sourcecode.swift; path = AppDelegate.swift; sourceTree = "<group>"; };
		BC19768328589AD8000ABE4C /* SceneDelegate.swift */ = {isa = PBXFileReference; lastKnownFileType = sourcecode.swift; path = SceneDelegate.swift; sourceTree = "<group>"; };
		BC19768528589AD8000ABE4C /* ListGameViewController.swift */ = {isa = PBXFileReference; lastKnownFileType = sourcecode.swift; path = ListGameViewController.swift; sourceTree = "<group>"; };
		BC19768828589AD8000ABE4C /* Base */ = {isa = PBXFileReference; lastKnownFileType = file.storyboard; name = Base; path = Base.lproj/Main.storyboard; sourceTree = "<group>"; };
		BC19768A28589ADA000ABE4C /* Assets.xcassets */ = {isa = PBXFileReference; lastKnownFileType = folder.assetcatalog; path = Assets.xcassets; sourceTree = "<group>"; };
		BC19768D28589ADA000ABE4C /* Base */ = {isa = PBXFileReference; lastKnownFileType = file.storyboard; name = Base; path = Base.lproj/LaunchScreen.storyboard; sourceTree = "<group>"; };
		BC19768F28589ADA000ABE4C /* Info.plist */ = {isa = PBXFileReference; lastKnownFileType = text.plist.xml; path = Info.plist; sourceTree = "<group>"; };
		BC1976C5285B91B6000ABE4C /* GameTableViewCell.swift */ = {isa = PBXFileReference; lastKnownFileType = sourcecode.swift; path = GameTableViewCell.swift; sourceTree = "<group>"; };
		BC1976C6285B91B6000ABE4C /* GameTableViewCell.xib */ = {isa = PBXFileReference; lastKnownFileType = file.xib; path = GameTableViewCell.xib; sourceTree = "<group>"; };
		BC1976C9285B9B3C000ABE4C /* DetailGameViewController.swift */ = {isa = PBXFileReference; lastKnownFileType = sourcecode.swift; path = DetailGameViewController.swift; sourceTree = "<group>"; };
		BC1976CA285B9B3C000ABE4C /* DetailGameViewController.xib */ = {isa = PBXFileReference; lastKnownFileType = file.xib; path = DetailGameViewController.xib; sourceTree = "<group>"; };
		BC1976D3285C9B6E000ABE4C /* Formatter.swift */ = {isa = PBXFileReference; lastKnownFileType = sourcecode.swift; path = Formatter.swift; sourceTree = "<group>"; };
		BC1976D5285CA1CD000ABE4C /* ProfileViewController.swift */ = {isa = PBXFileReference; lastKnownFileType = sourcecode.swift; path = ProfileViewController.swift; sourceTree = "<group>"; };
		BC1976D6285CA1CD000ABE4C /* ProfileViewController.xib */ = {isa = PBXFileReference; lastKnownFileType = file.xib; path = ProfileViewController.xib; sourceTree = "<group>"; };
		BCA7276629694E6500BD5C56 /* FavoriteGameInjection.swift */ = {isa = PBXFileReference; lastKnownFileType = sourcecode.swift; path = FavoriteGameInjection.swift; sourceTree = "<group>"; };
		BCA727792969FB6400BD5C56 /* DetailGameInjection.swift */ = {isa = PBXFileReference; lastKnownFileType = sourcecode.swift; path = DetailGameInjection.swift; sourceTree = "<group>"; };
		BCA7277B296A049E00BD5C56 /* ListGameInjection.swift */ = {isa = PBXFileReference; lastKnownFileType = sourcecode.swift; path = ListGameInjection.swift; sourceTree = "<group>"; };
		BCA72793296B263700BD5C56 /* ImageDownloader */ = {isa = PBXFileReference; lastKnownFileType = wrapper; name = ImageDownloader; path = Modules/ImageDownloader; sourceTree = "<group>"; };
		BCA72794296B264400BD5C56 /* FavoriteGame */ = {isa = PBXFileReference; lastKnownFileType = wrapper; name = FavoriteGame; path = Modules/FavoriteGame; sourceTree = "<group>"; };
		BCA72795296B264E00BD5C56 /* DetailGame */ = {isa = PBXFileReference; lastKnownFileType = wrapper; name = DetailGame; path = Modules/DetailGame; sourceTree = "<group>"; };
		BCA72796296B266800BD5C56 /* ListGame */ = {isa = PBXFileReference; lastKnownFileType = wrapper; name = ListGame; path = Modules/ListGame; sourceTree = "<group>"; };
		BCA727A9296B3F3500BD5C56 /* GamerankTests.xctest */ = {isa = PBXFileReference; explicitFileType = wrapper.cfbundle; includeInIndex = 0; path = GamerankTests.xctest; sourceTree = BUILT_PRODUCTS_DIR; };
		BCA727AB296B3F3500BD5C56 /* GamerankTests.swift */ = {isa = PBXFileReference; lastKnownFileType = sourcecode.swift; path = GamerankTests.swift; sourceTree = "<group>"; };
		BCA727B6296B3F5600BD5C56 /* GamerankUITests.xctest */ = {isa = PBXFileReference; explicitFileType = wrapper.cfbundle; includeInIndex = 0; path = GamerankUITests.xctest; sourceTree = BUILT_PRODUCTS_DIR; };
		BCA727B8296B3F5600BD5C56 /* GamerankUITests.swift */ = {isa = PBXFileReference; lastKnownFileType = sourcecode.swift; path = GamerankUITests.swift; sourceTree = "<group>"; };
		BCA727BA296B3F5600BD5C56 /* GamerankUITestsLaunchTests.swift */ = {isa = PBXFileReference; lastKnownFileType = sourcecode.swift; path = GamerankUITestsLaunchTests.swift; sourceTree = "<group>"; };
		BCA727D3296B4E0600BD5C56 /* GamerankTestPlan.xctestplan */ = {isa = PBXFileReference; lastKnownFileType = text; path = GamerankTestPlan.xctestplan; sourceTree = "<group>"; };
		BCAB75EA2861FF60003FE514 /* ListFavoriteGameViewController.swift */ = {isa = PBXFileReference; lastKnownFileType = sourcecode.swift; path = ListFavoriteGameViewController.swift; sourceTree = "<group>"; };
		BCAB75EB2861FF60003FE514 /* ListFavoriteGameViewController.xib */ = {isa = PBXFileReference; lastKnownFileType = file.xib; path = ListFavoriteGameViewController.xib; sourceTree = "<group>"; };
/* End PBXFileReference section */

/* Begin PBXFrameworksBuildPhase section */
		BC19767B28589AD8000ABE4C /* Frameworks */ = {
			isa = PBXFrameworksBuildPhase;
			buildActionMask = 2147483647;
			files = (
				BCA72792296B24FE00BD5C56 /* ImageDownloader in Frameworks */,
				BCA727C7296B43E300BD5C56 /* CoreModule in Frameworks */,
				BCA7278C296B24F300BD5C56 /* DetailGame in Frameworks */,
				BCA727C3296B416900BD5C56 /* RxCocoa in Frameworks */,
				BCA7278E296B24F700BD5C56 /* FavoriteGame in Frameworks */,
				BC9AEC7C293E5237006F4127 /* Swinject in Frameworks */,
				BCA727C5296B416900BD5C56 /* RxSwift in Frameworks */,
				BCA72790296B24FB00BD5C56 /* ListGame in Frameworks */,
			);
			runOnlyForDeploymentPostprocessing = 0;
		};
		BCA727A6296B3F3500BD5C56 /* Frameworks */ = {
			isa = PBXFrameworksBuildPhase;
			buildActionMask = 2147483647;
			files = (
			);
			runOnlyForDeploymentPostprocessing = 0;
		};
		BCA727B3296B3F5600BD5C56 /* Frameworks */ = {
			isa = PBXFrameworksBuildPhase;
			buildActionMask = 2147483647;
			files = (
			);
			runOnlyForDeploymentPostprocessing = 0;
		};
/* End PBXFrameworksBuildPhase section */

/* Begin PBXGroup section */
		BC065FF42932682700A32820 /* Injection */ = {
			isa = PBXGroup;
			children = (
				BCA7276629694E6500BD5C56 /* FavoriteGameInjection.swift */,
				BCA727792969FB6400BD5C56 /* DetailGameInjection.swift */,
				BCA7277B296A049E00BD5C56 /* ListGameInjection.swift */,
			);
			path = Injection;
			sourceTree = "<group>";
		};
		BC19767528589AD8000ABE4C = {
			isa = PBXGroup;
			children = (
				BCA727D3296B4E0600BD5C56 /* GamerankTestPlan.xctestplan */,
				BC5B3E742965E50E0025228C /* Packages */,
				BC19768028589AD8000ABE4C /* Gamerank */,
				BCA727AA296B3F3500BD5C56 /* GamerankTests */,
				BCA727B7296B3F5600BD5C56 /* GamerankUITests */,
				BC19767F28589AD8000ABE4C /* Products */,
				BCA727602968770C00BD5C56 /* Frameworks */,
			);
			sourceTree = "<group>";
		};
		BC19767F28589AD8000ABE4C /* Products */ = {
			isa = PBXGroup;
			children = (
				BC19767E28589AD8000ABE4C /* Gamerank.app */,
				BCA727A9296B3F3500BD5C56 /* GamerankTests.xctest */,
				BCA727B6296B3F5600BD5C56 /* GamerankUITests.xctest */,
			);
			name = Products;
			sourceTree = "<group>";
		};
		BC19768028589AD8000ABE4C /* Gamerank */ = {
			isa = PBXGroup;
			children = (
				BC19769D28589E00000ABE4C /* Base */,
				BC1976A02858AE48000ABE4C /* Utility */,
				BC065FF42932682700A32820 /* Injection */,
				BC19769C28589D71000ABE4C /* View */,
				BC6339B2285D1C7300203980 /* TableViewCell */,
				BC19769528589B21000ABE4C /* XIB */,
				BC19768A28589ADA000ABE4C /* Assets.xcassets */,
				BC19768F28589ADA000ABE4C /* Info.plist */,
			);
			path = Gamerank;
			sourceTree = "<group>";
		};
		BC19769528589B21000ABE4C /* XIB */ = {
			isa = PBXGroup;
			children = (
				BCAB75EB2861FF60003FE514 /* ListFavoriteGameViewController.xib */,
				BC1976D6285CA1CD000ABE4C /* ProfileViewController.xib */,
				BC1976CA285B9B3C000ABE4C /* DetailGameViewController.xib */,
				BC1976C6285B91B6000ABE4C /* GameTableViewCell.xib */,
				BC19768728589AD8000ABE4C /* Main.storyboard */,
				BC19768C28589ADA000ABE4C /* LaunchScreen.storyboard */,
			);
			path = XIB;
			sourceTree = "<group>";
		};
		BC19769C28589D71000ABE4C /* View */ = {
			isa = PBXGroup;
			children = (
				BC19768528589AD8000ABE4C /* ListGameViewController.swift */,
				BC1976C9285B9B3C000ABE4C /* DetailGameViewController.swift */,
				BC1976D5285CA1CD000ABE4C /* ProfileViewController.swift */,
				BCAB75EA2861FF60003FE514 /* ListFavoriteGameViewController.swift */,
			);
			path = View;
			sourceTree = "<group>";
		};
		BC19769D28589E00000ABE4C /* Base */ = {
			isa = PBXGroup;
			children = (
				BC19768128589AD8000ABE4C /* AppDelegate.swift */,
				BC19768328589AD8000ABE4C /* SceneDelegate.swift */,
			);
			path = Base;
			sourceTree = "<group>";
		};
		BC1976A02858AE48000ABE4C /* Utility */ = {
			isa = PBXGroup;
			children = (
				BC1976D3285C9B6E000ABE4C /* Formatter.swift */,
			);
			path = Utility;
			sourceTree = "<group>";
		};
		BC5B3E742965E50E0025228C /* Packages */ = {
			isa = PBXGroup;
			children = (
				BCA72793296B263700BD5C56 /* ImageDownloader */,
				BCA72794296B264400BD5C56 /* FavoriteGame */,
				BCA72795296B264E00BD5C56 /* DetailGame */,
				BCA72796296B266800BD5C56 /* ListGame */,
			);
			name = Packages;
			sourceTree = "<group>";
		};
		BC6339B2285D1C7300203980 /* TableViewCell */ = {
			isa = PBXGroup;
			children = (
				BC1976C5285B91B6000ABE4C /* GameTableViewCell.swift */,
			);
			path = TableViewCell;
			sourceTree = "<group>";
		};
		BCA727602968770C00BD5C56 /* Frameworks */ = {
			isa = PBXGroup;
			children = (
			);
			name = Frameworks;
			sourceTree = "<group>";
		};
		BCA727AA296B3F3500BD5C56 /* GamerankTests */ = {
			isa = PBXGroup;
			children = (
				BCA727AB296B3F3500BD5C56 /* GamerankTests.swift */,
			);
			path = GamerankTests;
			sourceTree = "<group>";
		};
		BCA727B7296B3F5600BD5C56 /* GamerankUITests */ = {
			isa = PBXGroup;
			children = (
				BCA727B8296B3F5600BD5C56 /* GamerankUITests.swift */,
				BCA727BA296B3F5600BD5C56 /* GamerankUITestsLaunchTests.swift */,
			);
			path = GamerankUITests;
			sourceTree = "<group>";
		};
/* End PBXGroup section */

/* Begin PBXNativeTarget section */
		BC19767D28589AD8000ABE4C /* Gamerank */ = {
			isa = PBXNativeTarget;
			buildConfigurationList = BC19769228589ADA000ABE4C /* Build configuration list for PBXNativeTarget "Gamerank" */;
			buildPhases = (
				BC19767A28589AD8000ABE4C /* Sources */,
				BC19767B28589AD8000ABE4C /* Frameworks */,
				BC19767C28589AD8000ABE4C /* Resources */,
			);
			buildRules = (
			);
			dependencies = (
			);
			name = Gamerank;
			packageProductDependencies = (
				BC9AEC7B293E5237006F4127 /* Swinject */,
				BCA7278B296B24F300BD5C56 /* DetailGame */,
				BCA7278D296B24F700BD5C56 /* FavoriteGame */,
				BCA7278F296B24FB00BD5C56 /* ListGame */,
				BCA72791296B24FE00BD5C56 /* ImageDownloader */,
				BCA727C2296B416900BD5C56 /* RxCocoa */,
				BCA727C4296B416900BD5C56 /* RxSwift */,
				BCA727C6296B43E300BD5C56 /* CoreModule */,
			);
			productName = Gamerank;
			productReference = BC19767E28589AD8000ABE4C /* Gamerank.app */;
			productType = "com.apple.product-type.application";
		};
		BCA727A8296B3F3500BD5C56 /* GamerankTests */ = {
			isa = PBXNativeTarget;
			buildConfigurationList = BCA727AF296B3F3500BD5C56 /* Build configuration list for PBXNativeTarget "GamerankTests" */;
			buildPhases = (
				BCA727A5296B3F3500BD5C56 /* Sources */,
				BCA727A6296B3F3500BD5C56 /* Frameworks */,
				BCA727A7296B3F3500BD5C56 /* Resources */,
			);
			buildRules = (
			);
			dependencies = (
				BCA727AE296B3F3500BD5C56 /* PBXTargetDependency */,
			);
			name = GamerankTests;
			productName = GamerankTests;
			productReference = BCA727A9296B3F3500BD5C56 /* GamerankTests.xctest */;
			productType = "com.apple.product-type.bundle.unit-test";
		};
		BCA727B5296B3F5600BD5C56 /* GamerankUITests */ = {
			isa = PBXNativeTarget;
			buildConfigurationList = BCA727BE296B3F5600BD5C56 /* Build configuration list for PBXNativeTarget "GamerankUITests" */;
			buildPhases = (
				BCA727B2296B3F5600BD5C56 /* Sources */,
				BCA727B3296B3F5600BD5C56 /* Frameworks */,
				BCA727B4296B3F5600BD5C56 /* Resources */,
			);
			buildRules = (
			);
			dependencies = (
				BCA727BD296B3F5600BD5C56 /* PBXTargetDependency */,
			);
			name = GamerankUITests;
			productName = GamerankUITests;
			productReference = BCA727B6296B3F5600BD5C56 /* GamerankUITests.xctest */;
			productType = "com.apple.product-type.bundle.ui-testing";
		};
/* End PBXNativeTarget section */

/* Begin PBXProject section */
		BC19767628589AD8000ABE4C /* Project object */ = {
			isa = PBXProject;
			attributes = {
				BuildIndependentTargetsInParallel = 1;
				LastSwiftUpdateCheck = 1420;
				LastUpgradeCheck = 1340;
				TargetAttributes = {
					BC19767D28589AD8000ABE4C = {
						CreatedOnToolsVersion = 13.4.1;
					};
					BCA727A8296B3F3500BD5C56 = {
						CreatedOnToolsVersion = 14.2;
						TestTargetID = BC19767D28589AD8000ABE4C;
					};
					BCA727B5296B3F5600BD5C56 = {
						CreatedOnToolsVersion = 14.2;
						TestTargetID = BC19767D28589AD8000ABE4C;
					};
				};
			};
			buildConfigurationList = BC19767928589AD8000ABE4C /* Build configuration list for PBXProject "Gamerank" */;
			compatibilityVersion = "Xcode 13.0";
			developmentRegion = en;
			hasScannedForEncodings = 0;
			knownRegions = (
				en,
				Base,
			);
			mainGroup = BC19767528589AD8000ABE4C;
			packageReferences = (
				BC9AEC7A293E5237006F4127 /* XCRemoteSwiftPackageReference "Swinject" */,
				BCA72780296B1E7D00BD5C56 /* XCRemoteSwiftPackageReference "Gamerank-CoreModule" */,
				BCA727C1296B416900BD5C56 /* XCRemoteSwiftPackageReference "RxSwift" */,
			);
			productRefGroup = BC19767F28589AD8000ABE4C /* Products */;
			projectDirPath = "";
			projectRoot = "";
			targets = (
				BC19767D28589AD8000ABE4C /* Gamerank */,
				BCA727A8296B3F3500BD5C56 /* GamerankTests */,
				BCA727B5296B3F5600BD5C56 /* GamerankUITests */,
			);
		};
/* End PBXProject section */

/* Begin PBXResourcesBuildPhase section */
		BC19767C28589AD8000ABE4C /* Resources */ = {
			isa = PBXResourcesBuildPhase;
			buildActionMask = 2147483647;
			files = (
				BC1976D8285CA1CD000ABE4C /* ProfileViewController.xib in Resources */,
				BCAB75ED2861FF60003FE514 /* ListFavoriteGameViewController.xib in Resources */,
				BC19768E28589ADA000ABE4C /* LaunchScreen.storyboard in Resources */,
				BC1976CC285B9B3C000ABE4C /* DetailGameViewController.xib in Resources */,
				BC19768B28589ADA000ABE4C /* Assets.xcassets in Resources */,
				BC19768928589AD8000ABE4C /* Main.storyboard in Resources */,
				BC1976C8285B91B6000ABE4C /* GameTableViewCell.xib in Resources */,
			);
			runOnlyForDeploymentPostprocessing = 0;
		};
		BCA727A7296B3F3500BD5C56 /* Resources */ = {
			isa = PBXResourcesBuildPhase;
			buildActionMask = 2147483647;
			files = (
			);
			runOnlyForDeploymentPostprocessing = 0;
		};
		BCA727B4296B3F5600BD5C56 /* Resources */ = {
			isa = PBXResourcesBuildPhase;
			buildActionMask = 2147483647;
			files = (
			);
			runOnlyForDeploymentPostprocessing = 0;
		};
/* End PBXResourcesBuildPhase section */

/* Begin PBXSourcesBuildPhase section */
		BC19767A28589AD8000ABE4C /* Sources */ = {
			isa = PBXSourcesBuildPhase;
			buildActionMask = 2147483647;
			files = (
				BC19768628589AD8000ABE4C /* ListGameViewController.swift in Sources */,
				BCA7277C296A049E00BD5C56 /* ListGameInjection.swift in Sources */,
				BCA7277A2969FB6400BD5C56 /* DetailGameInjection.swift in Sources */,
				BCAB75EC2861FF60003FE514 /* ListFavoriteGameViewController.swift in Sources */,
				BC19768228589AD8000ABE4C /* AppDelegate.swift in Sources */,
				BC19768428589AD8000ABE4C /* SceneDelegate.swift in Sources */,
				BC1976D4285C9B6E000ABE4C /* Formatter.swift in Sources */,
				BC1976CB285B9B3C000ABE4C /* DetailGameViewController.swift in Sources */,
				BCA7276729694E6500BD5C56 /* FavoriteGameInjection.swift in Sources */,
				BC1976D7285CA1CD000ABE4C /* ProfileViewController.swift in Sources */,
				BC1976C7285B91B6000ABE4C /* GameTableViewCell.swift in Sources */,
			);
			runOnlyForDeploymentPostprocessing = 0;
		};
		BCA727A5296B3F3500BD5C56 /* Sources */ = {
			isa = PBXSourcesBuildPhase;
			buildActionMask = 2147483647;
			files = (
				BCA727AC296B3F3500BD5C56 /* GamerankTests.swift in Sources */,
			);
			runOnlyForDeploymentPostprocessing = 0;
		};
		BCA727B2296B3F5600BD5C56 /* Sources */ = {
			isa = PBXSourcesBuildPhase;
			buildActionMask = 2147483647;
			files = (
				BCA727BB296B3F5600BD5C56 /* GamerankUITestsLaunchTests.swift in Sources */,
				BCA727B9296B3F5600BD5C56 /* GamerankUITests.swift in Sources */,
			);
			runOnlyForDeploymentPostprocessing = 0;
		};
/* End PBXSourcesBuildPhase section */

/* Begin PBXTargetDependency section */
		BCA727AE296B3F3500BD5C56 /* PBXTargetDependency */ = {
			isa = PBXTargetDependency;
			target = BC19767D28589AD8000ABE4C /* Gamerank */;
			targetProxy = BCA727AD296B3F3500BD5C56 /* PBXContainerItemProxy */;
		};
		BCA727BD296B3F5600BD5C56 /* PBXTargetDependency */ = {
			isa = PBXTargetDependency;
			target = BC19767D28589AD8000ABE4C /* Gamerank */;
			targetProxy = BCA727BC296B3F5600BD5C56 /* PBXContainerItemProxy */;
		};
/* End PBXTargetDependency section */

/* Begin PBXVariantGroup section */
		BC19768728589AD8000ABE4C /* Main.storyboard */ = {
			isa = PBXVariantGroup;
			children = (
				BC19768828589AD8000ABE4C /* Base */,
			);
			name = Main.storyboard;
			sourceTree = "<group>";
		};
		BC19768C28589ADA000ABE4C /* LaunchScreen.storyboard */ = {
			isa = PBXVariantGroup;
			children = (
				BC19768D28589ADA000ABE4C /* Base */,
			);
			name = LaunchScreen.storyboard;
			sourceTree = "<group>";
		};
/* End PBXVariantGroup section */

/* Begin XCBuildConfiguration section */
		BC19769028589ADA000ABE4C /* Debug */ = {
			isa = XCBuildConfiguration;
			buildSettings = {
				ALWAYS_SEARCH_USER_PATHS = NO;
				CLANG_ANALYZER_NONNULL = YES;
				CLANG_ANALYZER_NUMBER_OBJECT_CONVERSION = YES_AGGRESSIVE;
				CLANG_CXX_LANGUAGE_STANDARD = "gnu++17";
				CLANG_ENABLE_MODULES = YES;
				CLANG_ENABLE_OBJC_ARC = YES;
				CLANG_ENABLE_OBJC_WEAK = YES;
				CLANG_WARN_BLOCK_CAPTURE_AUTORELEASING = YES;
				CLANG_WARN_BOOL_CONVERSION = YES;
				CLANG_WARN_COMMA = YES;
				CLANG_WARN_CONSTANT_CONVERSION = YES;
				CLANG_WARN_DEPRECATED_OBJC_IMPLEMENTATIONS = YES;
				CLANG_WARN_DIRECT_OBJC_ISA_USAGE = YES_ERROR;
				CLANG_WARN_DOCUMENTATION_COMMENTS = YES;
				CLANG_WARN_EMPTY_BODY = YES;
				CLANG_WARN_ENUM_CONVERSION = YES;
				CLANG_WARN_INFINITE_RECURSION = YES;
				CLANG_WARN_INT_CONVERSION = YES;
				CLANG_WARN_NON_LITERAL_NULL_CONVERSION = YES;
				CLANG_WARN_OBJC_IMPLICIT_RETAIN_SELF = YES;
				CLANG_WARN_OBJC_LITERAL_CONVERSION = YES;
				CLANG_WARN_OBJC_ROOT_CLASS = YES_ERROR;
				CLANG_WARN_QUOTED_INCLUDE_IN_FRAMEWORK_HEADER = YES;
				CLANG_WARN_RANGE_LOOP_ANALYSIS = YES;
				CLANG_WARN_STRICT_PROTOTYPES = YES;
				CLANG_WARN_SUSPICIOUS_MOVE = YES;
				CLANG_WARN_UNGUARDED_AVAILABILITY = YES_AGGRESSIVE;
				CLANG_WARN_UNREACHABLE_CODE = YES;
				CLANG_WARN__DUPLICATE_METHOD_MATCH = YES;
				COPY_PHASE_STRIP = NO;
				DEBUG_INFORMATION_FORMAT = dwarf;
				ENABLE_STRICT_OBJC_MSGSEND = YES;
				ENABLE_TESTABILITY = YES;
				GCC_C_LANGUAGE_STANDARD = gnu11;
				GCC_DYNAMIC_NO_PIC = NO;
				GCC_NO_COMMON_BLOCKS = YES;
				GCC_OPTIMIZATION_LEVEL = 0;
				GCC_PREPROCESSOR_DEFINITIONS = (
					"DEBUG=1",
					"$(inherited)",
				);
				GCC_WARN_64_TO_32_BIT_CONVERSION = YES;
				GCC_WARN_ABOUT_RETURN_TYPE = YES_ERROR;
				GCC_WARN_UNDECLARED_SELECTOR = YES;
				GCC_WARN_UNINITIALIZED_AUTOS = YES_AGGRESSIVE;
				GCC_WARN_UNUSED_FUNCTION = YES;
				GCC_WARN_UNUSED_VARIABLE = YES;
				IPHONEOS_DEPLOYMENT_TARGET = 15.5;
				MTL_ENABLE_DEBUG_INFO = INCLUDE_SOURCE;
				MTL_FAST_MATH = YES;
				ONLY_ACTIVE_ARCH = YES;
				SDKROOT = iphoneos;
				SWIFT_ACTIVE_COMPILATION_CONDITIONS = DEBUG;
				SWIFT_OPTIMIZATION_LEVEL = "-Onone";
			};
			name = Debug;
		};
		BC19769128589ADA000ABE4C /* Release */ = {
			isa = XCBuildConfiguration;
			buildSettings = {
				ALWAYS_SEARCH_USER_PATHS = NO;
				CLANG_ANALYZER_NONNULL = YES;
				CLANG_ANALYZER_NUMBER_OBJECT_CONVERSION = YES_AGGRESSIVE;
				CLANG_CXX_LANGUAGE_STANDARD = "gnu++17";
				CLANG_ENABLE_MODULES = YES;
				CLANG_ENABLE_OBJC_ARC = YES;
				CLANG_ENABLE_OBJC_WEAK = YES;
				CLANG_WARN_BLOCK_CAPTURE_AUTORELEASING = YES;
				CLANG_WARN_BOOL_CONVERSION = YES;
				CLANG_WARN_COMMA = YES;
				CLANG_WARN_CONSTANT_CONVERSION = YES;
				CLANG_WARN_DEPRECATED_OBJC_IMPLEMENTATIONS = YES;
				CLANG_WARN_DIRECT_OBJC_ISA_USAGE = YES_ERROR;
				CLANG_WARN_DOCUMENTATION_COMMENTS = YES;
				CLANG_WARN_EMPTY_BODY = YES;
				CLANG_WARN_ENUM_CONVERSION = YES;
				CLANG_WARN_INFINITE_RECURSION = YES;
				CLANG_WARN_INT_CONVERSION = YES;
				CLANG_WARN_NON_LITERAL_NULL_CONVERSION = YES;
				CLANG_WARN_OBJC_IMPLICIT_RETAIN_SELF = YES;
				CLANG_WARN_OBJC_LITERAL_CONVERSION = YES;
				CLANG_WARN_OBJC_ROOT_CLASS = YES_ERROR;
				CLANG_WARN_QUOTED_INCLUDE_IN_FRAMEWORK_HEADER = YES;
				CLANG_WARN_RANGE_LOOP_ANALYSIS = YES;
				CLANG_WARN_STRICT_PROTOTYPES = YES;
				CLANG_WARN_SUSPICIOUS_MOVE = YES;
				CLANG_WARN_UNGUARDED_AVAILABILITY = YES_AGGRESSIVE;
				CLANG_WARN_UNREACHABLE_CODE = YES;
				CLANG_WARN__DUPLICATE_METHOD_MATCH = YES;
				COPY_PHASE_STRIP = NO;
				DEBUG_INFORMATION_FORMAT = "dwarf-with-dsym";
				ENABLE_NS_ASSERTIONS = NO;
				ENABLE_STRICT_OBJC_MSGSEND = YES;
				GCC_C_LANGUAGE_STANDARD = gnu11;
				GCC_NO_COMMON_BLOCKS = YES;
				GCC_WARN_64_TO_32_BIT_CONVERSION = YES;
				GCC_WARN_ABOUT_RETURN_TYPE = YES_ERROR;
				GCC_WARN_UNDECLARED_SELECTOR = YES;
				GCC_WARN_UNINITIALIZED_AUTOS = YES_AGGRESSIVE;
				GCC_WARN_UNUSED_FUNCTION = YES;
				GCC_WARN_UNUSED_VARIABLE = YES;
				IPHONEOS_DEPLOYMENT_TARGET = 15.5;
				MTL_ENABLE_DEBUG_INFO = NO;
				MTL_FAST_MATH = YES;
				SDKROOT = iphoneos;
				SWIFT_COMPILATION_MODE = wholemodule;
				SWIFT_OPTIMIZATION_LEVEL = "-O";
				VALIDATE_PRODUCT = YES;
			};
			name = Release;
		};
		BC19769328589ADA000ABE4C /* Debug */ = {
			isa = XCBuildConfiguration;
			buildSettings = {
				ASSETCATALOG_COMPILER_APPICON_NAME = AppIcon;
				ASSETCATALOG_COMPILER_GLOBAL_ACCENT_COLOR_NAME = AccentColor;
				CODE_SIGN_STYLE = Automatic;
				CURRENT_PROJECT_VERSION = 1;
				DEVELOPMENT_TEAM = W2MJCR4Q7K;
				GENERATE_INFOPLIST_FILE = YES;
				INFOPLIST_FILE = Gamerank/Info.plist;
				INFOPLIST_KEY_UIApplicationSupportsIndirectInputEvents = YES;
				INFOPLIST_KEY_UILaunchStoryboardName = LaunchScreen;
				INFOPLIST_KEY_UIMainStoryboardFile = Main;
				INFOPLIST_KEY_UISupportedInterfaceOrientations_iPad = "UIInterfaceOrientationPortrait UIInterfaceOrientationPortraitUpsideDown UIInterfaceOrientationLandscapeLeft UIInterfaceOrientationLandscapeRight";
				INFOPLIST_KEY_UISupportedInterfaceOrientations_iPhone = "UIInterfaceOrientationPortrait UIInterfaceOrientationLandscapeLeft UIInterfaceOrientationLandscapeRight";
				LD_RUNPATH_SEARCH_PATHS = (
					"$(inherited)",
					"@executable_path/Frameworks",
				);
				MARKETING_VERSION = 1.0;
				PRODUCT_BUNDLE_IDENTIFIER = com.fadhilikhsann.gamerank;
				PRODUCT_NAME = "$(TARGET_NAME)";
				SWIFT_EMIT_LOC_STRINGS = YES;
				SWIFT_VERSION = 5.0;
				TARGETED_DEVICE_FAMILY = 1;
			};
			name = Debug;
		};
		BC19769428589ADA000ABE4C /* Release */ = {
			isa = XCBuildConfiguration;
			buildSettings = {
				ASSETCATALOG_COMPILER_APPICON_NAME = AppIcon;
				ASSETCATALOG_COMPILER_GLOBAL_ACCENT_COLOR_NAME = AccentColor;
				CODE_SIGN_STYLE = Automatic;
				CURRENT_PROJECT_VERSION = 1;
				DEVELOPMENT_TEAM = W2MJCR4Q7K;
				GENERATE_INFOPLIST_FILE = YES;
				INFOPLIST_FILE = Gamerank/Info.plist;
				INFOPLIST_KEY_UIApplicationSupportsIndirectInputEvents = YES;
				INFOPLIST_KEY_UILaunchStoryboardName = LaunchScreen;
				INFOPLIST_KEY_UIMainStoryboardFile = Main;
				INFOPLIST_KEY_UISupportedInterfaceOrientations_iPad = "UIInterfaceOrientationPortrait UIInterfaceOrientationPortraitUpsideDown UIInterfaceOrientationLandscapeLeft UIInterfaceOrientationLandscapeRight";
				INFOPLIST_KEY_UISupportedInterfaceOrientations_iPhone = "UIInterfaceOrientationPortrait UIInterfaceOrientationLandscapeLeft UIInterfaceOrientationLandscapeRight";
				LD_RUNPATH_SEARCH_PATHS = (
					"$(inherited)",
					"@executable_path/Frameworks",
				);
				MARKETING_VERSION = 1.0;
				PRODUCT_BUNDLE_IDENTIFIER = com.fadhilikhsann.gamerank;
				PRODUCT_NAME = "$(TARGET_NAME)";
				SWIFT_EMIT_LOC_STRINGS = YES;
				SWIFT_VERSION = 5.0;
				TARGETED_DEVICE_FAMILY = 1;
			};
			name = Release;
		};
		BCA727B0296B3F3500BD5C56 /* Debug */ = {
			isa = XCBuildConfiguration;
			buildSettings = {
				BUNDLE_LOADER = "$(TEST_HOST)";
				CLANG_CXX_LANGUAGE_STANDARD = "gnu++20";
				CODE_SIGN_STYLE = Automatic;
				CURRENT_PROJECT_VERSION = 1;
				DEVELOPMENT_TEAM = W2MJCR4Q7K;
				GENERATE_INFOPLIST_FILE = YES;
				IPHONEOS_DEPLOYMENT_TARGET = 16.2;
				MARKETING_VERSION = 1.0;
				PRODUCT_BUNDLE_IDENTIFIER = com.ikhsannotes.GamerankTests;
				PRODUCT_NAME = "$(TARGET_NAME)";
				SWIFT_EMIT_LOC_STRINGS = NO;
				SWIFT_VERSION = 5.0;
				TARGETED_DEVICE_FAMILY = "1,2";
				TEST_HOST = "$(BUILT_PRODUCTS_DIR)/Gamerank.app/$(BUNDLE_EXECUTABLE_FOLDER_PATH)/Gamerank";
			};
			name = Debug;
		};
		BCA727B1296B3F3500BD5C56 /* Release */ = {
			isa = XCBuildConfiguration;
			buildSettings = {
				BUNDLE_LOADER = "$(TEST_HOST)";
				CLANG_CXX_LANGUAGE_STANDARD = "gnu++20";
				CODE_SIGN_STYLE = Automatic;
				CURRENT_PROJECT_VERSION = 1;
				DEVELOPMENT_TEAM = W2MJCR4Q7K;
				GENERATE_INFOPLIST_FILE = YES;
				IPHONEOS_DEPLOYMENT_TARGET = 16.2;
				MARKETING_VERSION = 1.0;
				PRODUCT_BUNDLE_IDENTIFIER = com.ikhsannotes.GamerankTests;
				PRODUCT_NAME = "$(TARGET_NAME)";
				SWIFT_EMIT_LOC_STRINGS = NO;
				SWIFT_VERSION = 5.0;
				TARGETED_DEVICE_FAMILY = "1,2";
				TEST_HOST = "$(BUILT_PRODUCTS_DIR)/Gamerank.app/$(BUNDLE_EXECUTABLE_FOLDER_PATH)/Gamerank";
			};
			name = Release;
		};
		BCA727BF296B3F5600BD5C56 /* Debug */ = {
			isa = XCBuildConfiguration;
			buildSettings = {
				CLANG_CXX_LANGUAGE_STANDARD = "gnu++20";
				CODE_SIGN_STYLE = Automatic;
				CURRENT_PROJECT_VERSION = 1;
				DEVELOPMENT_TEAM = W2MJCR4Q7K;
				GENERATE_INFOPLIST_FILE = YES;
				IPHONEOS_DEPLOYMENT_TARGET = 16.2;
				MARKETING_VERSION = 1.0;
				PRODUCT_BUNDLE_IDENTIFIER = com.ikhsannotes.GamerankUITests;
				PRODUCT_NAME = "$(TARGET_NAME)";
				SWIFT_EMIT_LOC_STRINGS = NO;
				SWIFT_VERSION = 5.0;
				TARGETED_DEVICE_FAMILY = "1,2";
				TEST_TARGET_NAME = Gamerank;
			};
			name = Debug;
		};
		BCA727C0296B3F5600BD5C56 /* Release */ = {
			isa = XCBuildConfiguration;
			buildSettings = {
				CLANG_CXX_LANGUAGE_STANDARD = "gnu++20";
				CODE_SIGN_STYLE = Automatic;
				CURRENT_PROJECT_VERSION = 1;
				DEVELOPMENT_TEAM = W2MJCR4Q7K;
				GENERATE_INFOPLIST_FILE = YES;
				IPHONEOS_DEPLOYMENT_TARGET = 16.2;
				MARKETING_VERSION = 1.0;
				PRODUCT_BUNDLE_IDENTIFIER = com.ikhsannotes.GamerankUITests;
				PRODUCT_NAME = "$(TARGET_NAME)";
				SWIFT_EMIT_LOC_STRINGS = NO;
				SWIFT_VERSION = 5.0;
				TARGETED_DEVICE_FAMILY = "1,2";
				TEST_TARGET_NAME = Gamerank;
			};
			name = Release;
		};
/* End XCBuildConfiguration section */

/* Begin XCConfigurationList section */
		BC19767928589AD8000ABE4C /* Build configuration list for PBXProject "Gamerank" */ = {
			isa = XCConfigurationList;
			buildConfigurations = (
				BC19769028589ADA000ABE4C /* Debug */,
				BC19769128589ADA000ABE4C /* Release */,
			);
			defaultConfigurationIsVisible = 0;
			defaultConfigurationName = Release;
		};
		BC19769228589ADA000ABE4C /* Build configuration list for PBXNativeTarget "Gamerank" */ = {
			isa = XCConfigurationList;
			buildConfigurations = (
				BC19769328589ADA000ABE4C /* Debug */,
				BC19769428589ADA000ABE4C /* Release */,
			);
			defaultConfigurationIsVisible = 0;
			defaultConfigurationName = Release;
		};
		BCA727AF296B3F3500BD5C56 /* Build configuration list for PBXNativeTarget "GamerankTests" */ = {
			isa = XCConfigurationList;
			buildConfigurations = (
				BCA727B0296B3F3500BD5C56 /* Debug */,
				BCA727B1296B3F3500BD5C56 /* Release */,
			);
			defaultConfigurationIsVisible = 0;
			defaultConfigurationName = Release;
		};
		BCA727BE296B3F5600BD5C56 /* Build configuration list for PBXNativeTarget "GamerankUITests" */ = {
			isa = XCConfigurationList;
			buildConfigurations = (
				BCA727BF296B3F5600BD5C56 /* Debug */,
				BCA727C0296B3F5600BD5C56 /* Release */,
			);
			defaultConfigurationIsVisible = 0;
			defaultConfigurationName = Release;
		};
/* End XCConfigurationList section */

/* Begin XCRemoteSwiftPackageReference section */
		BC9AEC7A293E5237006F4127 /* XCRemoteSwiftPackageReference "Swinject" */ = {
			isa = XCRemoteSwiftPackageReference;
			repositoryURL = "https://github.com/Swinject/Swinject.git";
			requirement = {
				kind = upToNextMajorVersion;
				minimumVersion = 2.0.0;
			};
		};
		BCA72780296B1E7D00BD5C56 /* XCRemoteSwiftPackageReference "Gamerank-CoreModule" */ = {
			isa = XCRemoteSwiftPackageReference;
			repositoryURL = "https://github.com/fadhilikhsann/Gamerank-CoreModule.git";
			requirement = {
				kind = upToNextMajorVersion;
				minimumVersion = 1.0.1;
			};
		};
		BCA727C1296B416900BD5C56 /* XCRemoteSwiftPackageReference "RxSwift" */ = {
			isa = XCRemoteSwiftPackageReference;
			repositoryURL = "https://github.com/ReactiveX/RxSwift";
			requirement = {
				kind = upToNextMajorVersion;
				minimumVersion = 6.0.0;
			};
		};
/* End XCRemoteSwiftPackageReference section */

/* Begin XCSwiftPackageProductDependency section */
		BC9AEC7B293E5237006F4127 /* Swinject */ = {
			isa = XCSwiftPackageProductDependency;
			package = BC9AEC7A293E5237006F4127 /* XCRemoteSwiftPackageReference "Swinject" */;
			productName = Swinject;
		};
		BCA7278B296B24F300BD5C56 /* DetailGame */ = {
			isa = XCSwiftPackageProductDependency;
			productName = DetailGame;
		};
		BCA7278D296B24F700BD5C56 /* FavoriteGame */ = {
			isa = XCSwiftPackageProductDependency;
			productName = FavoriteGame;
		};
		BCA7278F296B24FB00BD5C56 /* ListGame */ = {
			isa = XCSwiftPackageProductDependency;
			productName = ListGame;
		};
		BCA72791296B24FE00BD5C56 /* ImageDownloader */ = {
			isa = XCSwiftPackageProductDependency;
			productName = ImageDownloader;
		};
		BCA727C2296B416900BD5C56 /* RxCocoa */ = {
			isa = XCSwiftPackageProductDependency;
			package = BCA727C1296B416900BD5C56 /* XCRemoteSwiftPackageReference "RxSwift" */;
			productName = RxCocoa;
		};
		BCA727C4296B416900BD5C56 /* RxSwift */ = {
			isa = XCSwiftPackageProductDependency;
			package = BCA727C1296B416900BD5C56 /* XCRemoteSwiftPackageReference "RxSwift" */;
			productName = RxSwift;
		};
		BCA727C6296B43E300BD5C56 /* CoreModule */ = {
			isa = XCSwiftPackageProductDependency;
			package = BCA72780296B1E7D00BD5C56 /* XCRemoteSwiftPackageReference "Gamerank-CoreModule" */;
			productName = CoreModule;
		};
/* End XCSwiftPackageProductDependency section */
	};
	rootObject = BC19767628589AD8000ABE4C /* Project object */;
}
