// !$*UTF8*$!
{
	archiveVersion = 1;
	classes = {
	};
	objectVersion = 55;
	objects = {

/* Begin PBXBuildFile section */
		BC19768228589AD8000ABE4C /* AppDelegate.swift in Sources */ = {isa = PBXBuildFile; fileRef = BC19768128589AD8000ABE4C /* AppDelegate.swift */; };
		BC19768428589AD8000ABE4C /* SceneDelegate.swift in Sources */ = {isa = PBXBuildFile; fileRef = BC19768328589AD8000ABE4C /* SceneDelegate.swift */; };
		BC19768628589AD8000ABE4C /* ListGameViewController.swift in Sources */ = {isa = PBXBuildFile; fileRef = BC19768528589AD8000ABE4C /* ListGameViewController.swift */; };
		BC19768928589AD8000ABE4C /* Main.storyboard in Resources */ = {isa = PBXBuildFile; fileRef = BC19768728589AD8000ABE4C /* Main.storyboard */; };
		BC19768B28589ADA000ABE4C /* Assets.xcassets in Resources */ = {isa = PBXBuildFile; fileRef = BC19768A28589ADA000ABE4C /* Assets.xcassets */; };
		BC19768E28589ADA000ABE4C /* LaunchScreen.storyboard in Resources */ = {isa = PBXBuildFile; fileRef = BC19768C28589ADA000ABE4C /* LaunchScreen.storyboard */; };
		BC19769B28589D67000ABE4C /* RootModel.swift in Sources */ = {isa = PBXBuildFile; fileRef = BC19769A28589D67000ABE4C /* RootModel.swift */; };
		BC19769F2858AC4B000ABE4C /* GameModel.swift in Sources */ = {isa = PBXBuildFile; fileRef = BC19769E2858AC4B000ABE4C /* GameModel.swift */; };
		BC1976A22858AE6B000ABE4C /* ApiRequest.swift in Sources */ = {isa = PBXBuildFile; fileRef = BC1976A12858AE6B000ABE4C /* ApiRequest.swift */; };
		BC1976A42858B955000ABE4C /* ApiEndPoint.swift in Sources */ = {isa = PBXBuildFile; fileRef = BC1976A32858B955000ABE4C /* ApiEndPoint.swift */; };
		BC1976C7285B91B6000ABE4C /* GameTableViewCell.swift in Sources */ = {isa = PBXBuildFile; fileRef = BC1976C5285B91B6000ABE4C /* GameTableViewCell.swift */; };
		BC1976C8285B91B6000ABE4C /* GameTableViewCell.xib in Resources */ = {isa = PBXBuildFile; fileRef = BC1976C6285B91B6000ABE4C /* GameTableViewCell.xib */; };
		BC1976CB285B9B3C000ABE4C /* DetailGameViewController.swift in Sources */ = {isa = PBXBuildFile; fileRef = BC1976C9285B9B3C000ABE4C /* DetailGameViewController.swift */; };
		BC1976CC285B9B3C000ABE4C /* DetailGameViewController.xib in Resources */ = {isa = PBXBuildFile; fileRef = BC1976CA285B9B3C000ABE4C /* DetailGameViewController.xib */; };
		BC1976D0285C819B000ABE4C /* ImageDownloader.swift in Sources */ = {isa = PBXBuildFile; fileRef = BC1976CF285C819B000ABE4C /* ImageDownloader.swift */; };
		BC1976D2285C8320000ABE4C /* PendingOperations.swift in Sources */ = {isa = PBXBuildFile; fileRef = BC1976D1285C8320000ABE4C /* PendingOperations.swift */; };
		BC1976D4285C9B6E000ABE4C /* Formatter.swift in Sources */ = {isa = PBXBuildFile; fileRef = BC1976D3285C9B6E000ABE4C /* Formatter.swift */; };
		BC1976D7285CA1CD000ABE4C /* ProfileViewController.swift in Sources */ = {isa = PBXBuildFile; fileRef = BC1976D5285CA1CD000ABE4C /* ProfileViewController.swift */; };
		BC1976D8285CA1CD000ABE4C /* ProfileViewController.xib in Resources */ = {isa = PBXBuildFile; fileRef = BC1976D6285CA1CD000ABE4C /* ProfileViewController.xib */; };
		BCAB75E62861B292003FE514 /* FavoriteGameProvider.swift in Sources */ = {isa = PBXBuildFile; fileRef = BCAB75E52861B292003FE514 /* FavoriteGameProvider.swift */; };
		BCAB75E92861B2E6003FE514 /* FavoriteGame.xcdatamodeld in Sources */ = {isa = PBXBuildFile; fileRef = BCAB75E72861B2E6003FE514 /* FavoriteGame.xcdatamodeld */; };
		BCAB75EC2861FF60003FE514 /* ListFavoriteGameViewController.swift in Sources */ = {isa = PBXBuildFile; fileRef = BCAB75EA2861FF60003FE514 /* ListFavoriteGameViewController.swift */; };
		BCAB75ED2861FF60003FE514 /* ListFavoriteGameViewController.xib in Resources */ = {isa = PBXBuildFile; fileRef = BCAB75EB2861FF60003FE514 /* ListFavoriteGameViewController.xib */; };
/* End PBXBuildFile section */

/* Begin PBXFileReference section */
		BC19767E28589AD8000ABE4C /* Gamerank.app */ = {isa = PBXFileReference; explicitFileType = wrapper.application; includeInIndex = 0; path = Gamerank.app; sourceTree = BUILT_PRODUCTS_DIR; };
		BC19768128589AD8000ABE4C /* AppDelegate.swift */ = {isa = PBXFileReference; lastKnownFileType = sourcecode.swift; path = AppDelegate.swift; sourceTree = "<group>"; };
		BC19768328589AD8000ABE4C /* SceneDelegate.swift */ = {isa = PBXFileReference; lastKnownFileType = sourcecode.swift; path = SceneDelegate.swift; sourceTree = "<group>"; };
		BC19768528589AD8000ABE4C /* ListGameViewController.swift */ = {isa = PBXFileReference; lastKnownFileType = sourcecode.swift; path = ListGameViewController.swift; sourceTree = "<group>"; };
		BC19768828589AD8000ABE4C /* Base */ = {isa = PBXFileReference; lastKnownFileType = file.storyboard; name = Base; path = Base.lproj/Main.storyboard; sourceTree = "<group>"; };
		BC19768A28589ADA000ABE4C /* Assets.xcassets */ = {isa = PBXFileReference; lastKnownFileType = folder.assetcatalog; path = Assets.xcassets; sourceTree = "<group>"; };
		BC19768D28589ADA000ABE4C /* Base */ = {isa = PBXFileReference; lastKnownFileType = file.storyboard; name = Base; path = Base.lproj/LaunchScreen.storyboard; sourceTree = "<group>"; };
		BC19768F28589ADA000ABE4C /* Info.plist */ = {isa = PBXFileReference; lastKnownFileType = text.plist.xml; path = Info.plist; sourceTree = "<group>"; };
		BC19769A28589D67000ABE4C /* RootModel.swift */ = {isa = PBXFileReference; lastKnownFileType = sourcecode.swift; path = RootModel.swift; sourceTree = "<group>"; };
		BC19769E2858AC4B000ABE4C /* GameModel.swift */ = {isa = PBXFileReference; lastKnownFileType = sourcecode.swift; path = GameModel.swift; sourceTree = "<group>"; };
		BC1976A12858AE6B000ABE4C /* ApiRequest.swift */ = {isa = PBXFileReference; lastKnownFileType = sourcecode.swift; path = ApiRequest.swift; sourceTree = "<group>"; };
		BC1976A32858B955000ABE4C /* ApiEndPoint.swift */ = {isa = PBXFileReference; lastKnownFileType = sourcecode.swift; path = ApiEndPoint.swift; sourceTree = "<group>"; };
		BC1976C5285B91B6000ABE4C /* GameTableViewCell.swift */ = {isa = PBXFileReference; lastKnownFileType = sourcecode.swift; path = GameTableViewCell.swift; sourceTree = "<group>"; };
		BC1976C6285B91B6000ABE4C /* GameTableViewCell.xib */ = {isa = PBXFileReference; lastKnownFileType = file.xib; path = GameTableViewCell.xib; sourceTree = "<group>"; };
		BC1976C9285B9B3C000ABE4C /* DetailGameViewController.swift */ = {isa = PBXFileReference; lastKnownFileType = sourcecode.swift; path = DetailGameViewController.swift; sourceTree = "<group>"; };
		BC1976CA285B9B3C000ABE4C /* DetailGameViewController.xib */ = {isa = PBXFileReference; lastKnownFileType = file.xib; path = DetailGameViewController.xib; sourceTree = "<group>"; };
		BC1976CF285C819B000ABE4C /* ImageDownloader.swift */ = {isa = PBXFileReference; lastKnownFileType = sourcecode.swift; path = ImageDownloader.swift; sourceTree = "<group>"; };
		BC1976D1285C8320000ABE4C /* PendingOperations.swift */ = {isa = PBXFileReference; lastKnownFileType = sourcecode.swift; path = PendingOperations.swift; sourceTree = "<group>"; };
		BC1976D3285C9B6E000ABE4C /* Formatter.swift */ = {isa = PBXFileReference; lastKnownFileType = sourcecode.swift; path = Formatter.swift; sourceTree = "<group>"; };
		BC1976D5285CA1CD000ABE4C /* ProfileViewController.swift */ = {isa = PBXFileReference; lastKnownFileType = sourcecode.swift; path = ProfileViewController.swift; sourceTree = "<group>"; };
		BC1976D6285CA1CD000ABE4C /* ProfileViewController.xib */ = {isa = PBXFileReference; lastKnownFileType = file.xib; path = ProfileViewController.xib; sourceTree = "<group>"; };
		BCAB75E52861B292003FE514 /* FavoriteGameProvider.swift */ = {isa = PBXFileReference; lastKnownFileType = sourcecode.swift; path = FavoriteGameProvider.swift; sourceTree = "<group>"; };
		BCAB75E82861B2E6003FE514 /* FavoriteGame.xcdatamodel */ = {isa = PBXFileReference; lastKnownFileType = wrapper.xcdatamodel; path = FavoriteGame.xcdatamodel; sourceTree = "<group>"; };
		BCAB75EA2861FF60003FE514 /* ListFavoriteGameViewController.swift */ = {isa = PBXFileReference; lastKnownFileType = sourcecode.swift; path = ListFavoriteGameViewController.swift; sourceTree = "<group>"; };
		BCAB75EB2861FF60003FE514 /* ListFavoriteGameViewController.xib */ = {isa = PBXFileReference; lastKnownFileType = file.xib; path = ListFavoriteGameViewController.xib; sourceTree = "<group>"; };
/* End PBXFileReference section */

/* Begin PBXFrameworksBuildPhase section */
		BC19767B28589AD8000ABE4C /* Frameworks */ = {
			isa = PBXFrameworksBuildPhase;
			buildActionMask = 2147483647;
			files = (
			);
			runOnlyForDeploymentPostprocessing = 0;
		};
/* End PBXFrameworksBuildPhase section */

/* Begin PBXGroup section */
		BC19767528589AD8000ABE4C = {
			isa = PBXGroup;
			children = (
				BC19768028589AD8000ABE4C /* Gamerank */,
				BC19767F28589AD8000ABE4C /* Products */,
			);
			sourceTree = "<group>";
		};
		BC19767F28589AD8000ABE4C /* Products */ = {
			isa = PBXGroup;
			children = (
				BC19767E28589AD8000ABE4C /* Gamerank.app */,
			);
			name = Products;
			sourceTree = "<group>";
		};
		BC19768028589AD8000ABE4C /* Gamerank */ = {
			isa = PBXGroup;
			children = (
				BCAB75E42861B27A003FE514 /* Provider */,
				BC6339B2285D1C7300203980 /* TableViewCell */,
				BC1976A02858AE48000ABE4C /* Utility */,
				BC19769D28589E00000ABE4C /* Base */,
				BC19769C28589D71000ABE4C /* Controller */,
				BC19769928589D4C000ABE4C /* Model */,
				BC19769528589B21000ABE4C /* View */,
				BC19768A28589ADA000ABE4C /* Assets.xcassets */,
				BC19768F28589ADA000ABE4C /* Info.plist */,
			);
			path = Gamerank;
			sourceTree = "<group>";
		};
		BC19769528589B21000ABE4C /* View */ = {
			isa = PBXGroup;
			children = (
				BCAB75EB2861FF60003FE514 /* ListFavoriteGameViewController.xib */,
				BC1976D6285CA1CD000ABE4C /* ProfileViewController.xib */,
				BC1976CA285B9B3C000ABE4C /* DetailGameViewController.xib */,
				BC1976C6285B91B6000ABE4C /* GameTableViewCell.xib */,
				BC19768728589AD8000ABE4C /* Main.storyboard */,
				BC19768C28589ADA000ABE4C /* LaunchScreen.storyboard */,
			);
			path = View;
			sourceTree = "<group>";
		};
		BC19769928589D4C000ABE4C /* Model */ = {
			isa = PBXGroup;
			children = (
				BC19769A28589D67000ABE4C /* RootModel.swift */,
				BC19769E2858AC4B000ABE4C /* GameModel.swift */,
			);
			path = Model;
			sourceTree = "<group>";
		};
		BC19769C28589D71000ABE4C /* Controller */ = {
			isa = PBXGroup;
			children = (
				BC19768528589AD8000ABE4C /* ListGameViewController.swift */,
				BC1976C9285B9B3C000ABE4C /* DetailGameViewController.swift */,
				BC1976D5285CA1CD000ABE4C /* ProfileViewController.swift */,
				BCAB75EA2861FF60003FE514 /* ListFavoriteGameViewController.swift */,
			);
			path = Controller;
			sourceTree = "<group>";
		};
		BC19769D28589E00000ABE4C /* Base */ = {
			isa = PBXGroup;
			children = (
				BC19768128589AD8000ABE4C /* AppDelegate.swift */,
				BC19768328589AD8000ABE4C /* SceneDelegate.swift */,
			);
			path = Base;
			sourceTree = "<group>";
		};
		BC1976A02858AE48000ABE4C /* Utility */ = {
			isa = PBXGroup;
			children = (
				BC1976A12858AE6B000ABE4C /* ApiRequest.swift */,
				BC1976A32858B955000ABE4C /* ApiEndPoint.swift */,
				BC1976CF285C819B000ABE4C /* ImageDownloader.swift */,
				BC1976D1285C8320000ABE4C /* PendingOperations.swift */,
				BC1976D3285C9B6E000ABE4C /* Formatter.swift */,
			);
			path = Utility;
			sourceTree = "<group>";
		};
		BC6339B2285D1C7300203980 /* TableViewCell */ = {
			isa = PBXGroup;
			children = (
				BC1976C5285B91B6000ABE4C /* GameTableViewCell.swift */,
			);
			path = TableViewCell;
			sourceTree = "<group>";
		};
		BCAB75E42861B27A003FE514 /* Provider */ = {
			isa = PBXGroup;
			children = (
				BCAB75E52861B292003FE514 /* FavoriteGameProvider.swift */,
				BCAB75E72861B2E6003FE514 /* FavoriteGame.xcdatamodeld */,
			);
			path = Provider;
			sourceTree = "<group>";
		};
/* End PBXGroup section */

/* Begin PBXNativeTarget section */
		BC19767D28589AD8000ABE4C /* Gamerank */ = {
			isa = PBXNativeTarget;
			buildConfigurationList = BC19769228589ADA000ABE4C /* Build configuration list for PBXNativeTarget "Gamerank" */;
			buildPhases = (
				BC19767A28589AD8000ABE4C /* Sources */,
				BC19767B28589AD8000ABE4C /* Frameworks */,
				BC19767C28589AD8000ABE4C /* Resources */,
			);
			buildRules = (
			);
			dependencies = (
			);
			name = Gamerank;
			productName = Gamerank;
			productReference = BC19767E28589AD8000ABE4C /* Gamerank.app */;
			productType = "com.apple.product-type.application";
		};
/* End PBXNativeTarget section */

/* Begin PBXProject section */
		BC19767628589AD8000ABE4C /* Project object */ = {
			isa = PBXProject;
			attributes = {
				BuildIndependentTargetsInParallel = 1;
				LastSwiftUpdateCheck = 1340;
				LastUpgradeCheck = 1340;
				TargetAttributes = {
					BC19767D28589AD8000ABE4C = {
						CreatedOnToolsVersion = 13.4.1;
					};
				};
			};
			buildConfigurationList = BC19767928589AD8000ABE4C /* Build configuration list for PBXProject "Gamerank" */;
			compatibilityVersion = "Xcode 13.0";
			developmentRegion = en;
			hasScannedForEncodings = 0;
			knownRegions = (
				en,
				Base,
			);
			mainGroup = BC19767528589AD8000ABE4C;
			productRefGroup = BC19767F28589AD8000ABE4C /* Products */;
			projectDirPath = "";
			projectRoot = "";
			targets = (
				BC19767D28589AD8000ABE4C /* Gamerank */,
			);
		};
/* End PBXProject section */

/* Begin PBXResourcesBuildPhase section */
		BC19767C28589AD8000ABE4C /* Resources */ = {
			isa = PBXResourcesBuildPhase;
			buildActionMask = 2147483647;
			files = (
				BC1976D8285CA1CD000ABE4C /* ProfileViewController.xib in Resources */,
				BCAB75ED2861FF60003FE514 /* ListFavoriteGameViewController.xib in Resources */,
				BC19768E28589ADA000ABE4C /* LaunchScreen.storyboard in Resources */,
				BC1976CC285B9B3C000ABE4C /* DetailGameViewController.xib in Resources */,
				BC19768B28589ADA000ABE4C /* Assets.xcassets in Resources */,
				BC19768928589AD8000ABE4C /* Main.storyboard in Resources */,
				BC1976C8285B91B6000ABE4C /* GameTableViewCell.xib in Resources */,
			);
			runOnlyForDeploymentPostprocessing = 0;
		};
/* End PBXResourcesBuildPhase section */

/* Begin PBXSourcesBuildPhase section */
		BC19767A28589AD8000ABE4C /* Sources */ = {
			isa = PBXSourcesBuildPhase;
			buildActionMask = 2147483647;
			files = (
				BC1976A22858AE6B000ABE4C /* ApiRequest.swift in Sources */,
				BC19769B28589D67000ABE4C /* RootModel.swift in Sources */,
				BC1976D2285C8320000ABE4C /* PendingOperations.swift in Sources */,
				BC19768628589AD8000ABE4C /* ListGameViewController.swift in Sources */,
				BCAB75EC2861FF60003FE514 /* ListFavoriteGameViewController.swift in Sources */,
				BC19768228589AD8000ABE4C /* AppDelegate.swift in Sources */,
				BC19768428589AD8000ABE4C /* SceneDelegate.swift in Sources */,
				BCAB75E62861B292003FE514 /* FavoriteGameProvider.swift in Sources */,
				BC1976D4285C9B6E000ABE4C /* Formatter.swift in Sources */,
				BC1976CB285B9B3C000ABE4C /* DetailGameViewController.swift in Sources */,
				BC1976D0285C819B000ABE4C /* ImageDownloader.swift in Sources */,
				BC19769F2858AC4B000ABE4C /* GameModel.swift in Sources */,
				BCAB75E92861B2E6003FE514 /* FavoriteGame.xcdatamodeld in Sources */,
				BC1976D7285CA1CD000ABE4C /* ProfileViewController.swift in Sources */,
				BC1976A42858B955000ABE4C /* ApiEndPoint.swift in Sources */,
				BC1976C7285B91B6000ABE4C /* GameTableViewCell.swift in Sources */,
			);
			runOnlyForDeploymentPostprocessing = 0;
		};
/* End PBXSourcesBuildPhase section */

/* Begin PBXVariantGroup section */
		BC19768728589AD8000ABE4C /* Main.storyboard */ = {
			isa = PBXVariantGroup;
			children = (
				BC19768828589AD8000ABE4C /* Base */,
			);
			name = Main.storyboard;
			sourceTree = "<group>";
		};
		BC19768C28589ADA000ABE4C /* LaunchScreen.storyboard */ = {
			isa = PBXVariantGroup;
			children = (
				BC19768D28589ADA000ABE4C /* Base */,
			);
			name = LaunchScreen.storyboard;
			sourceTree = "<group>";
		};
/* End PBXVariantGroup section */

/* Begin XCBuildConfiguration section */
		BC19769028589ADA000ABE4C /* Debug */ = {
			isa = XCBuildConfiguration;
			buildSettings = {
				ALWAYS_SEARCH_USER_PATHS = NO;
				CLANG_ANALYZER_NONNULL = YES;
				CLANG_ANALYZER_NUMBER_OBJECT_CONVERSION = YES_AGGRESSIVE;
				CLANG_CXX_LANGUAGE_STANDARD = "gnu++17";
				CLANG_ENABLE_MODULES = YES;
				CLANG_ENABLE_OBJC_ARC = YES;
				CLANG_ENABLE_OBJC_WEAK = YES;
				CLANG_WARN_BLOCK_CAPTURE_AUTORELEASING = YES;
				CLANG_WARN_BOOL_CONVERSION = YES;
				CLANG_WARN_COMMA = YES;
				CLANG_WARN_CONSTANT_CONVERSION = YES;
				CLANG_WARN_DEPRECATED_OBJC_IMPLEMENTATIONS = YES;
				CLANG_WARN_DIRECT_OBJC_ISA_USAGE = YES_ERROR;
				CLANG_WARN_DOCUMENTATION_COMMENTS = YES;
				CLANG_WARN_EMPTY_BODY = YES;
				CLANG_WARN_ENUM_CONVERSION = YES;
				CLANG_WARN_INFINITE_RECURSION = YES;
				CLANG_WARN_INT_CONVERSION = YES;
				CLANG_WARN_NON_LITERAL_NULL_CONVERSION = YES;
				CLANG_WARN_OBJC_IMPLICIT_RETAIN_SELF = YES;
				CLANG_WARN_OBJC_LITERAL_CONVERSION = YES;
				CLANG_WARN_OBJC_ROOT_CLASS = YES_ERROR;
				CLANG_WARN_QUOTED_INCLUDE_IN_FRAMEWORK_HEADER = YES;
				CLANG_WARN_RANGE_LOOP_ANALYSIS = YES;
				CLANG_WARN_STRICT_PROTOTYPES = YES;
				CLANG_WARN_SUSPICIOUS_MOVE = YES;
				CLANG_WARN_UNGUARDED_AVAILABILITY = YES_AGGRESSIVE;
				CLANG_WARN_UNREACHABLE_CODE = YES;
				CLANG_WARN__DUPLICATE_METHOD_MATCH = YES;
				COPY_PHASE_STRIP = NO;
				DEBUG_INFORMATION_FORMAT = dwarf;
				ENABLE_STRICT_OBJC_MSGSEND = YES;
				ENABLE_TESTABILITY = YES;
				GCC_C_LANGUAGE_STANDARD = gnu11;
				GCC_DYNAMIC_NO_PIC = NO;
				GCC_NO_COMMON_BLOCKS = YES;
				GCC_OPTIMIZATION_LEVEL = 0;
				GCC_PREPROCESSOR_DEFINITIONS = (
					"DEBUG=1",
					"$(inherited)",
				);
				GCC_WARN_64_TO_32_BIT_CONVERSION = YES;
				GCC_WARN_ABOUT_RETURN_TYPE = YES_ERROR;
				GCC_WARN_UNDECLARED_SELECTOR = YES;
				GCC_WARN_UNINITIALIZED_AUTOS = YES_AGGRESSIVE;
				GCC_WARN_UNUSED_FUNCTION = YES;
				GCC_WARN_UNUSED_VARIABLE = YES;
				IPHONEOS_DEPLOYMENT_TARGET = 15.5;
				MTL_ENABLE_DEBUG_INFO = INCLUDE_SOURCE;
				MTL_FAST_MATH = YES;
				ONLY_ACTIVE_ARCH = YES;
				SDKROOT = iphoneos;
				SWIFT_ACTIVE_COMPILATION_CONDITIONS = DEBUG;
				SWIFT_OPTIMIZATION_LEVEL = "-Onone";
			};
			name = Debug;
		};
		BC19769128589ADA000ABE4C /* Release */ = {
			isa = XCBuildConfiguration;
			buildSettings = {
				ALWAYS_SEARCH_USER_PATHS = NO;
				CLANG_ANALYZER_NONNULL = YES;
				CLANG_ANALYZER_NUMBER_OBJECT_CONVERSION = YES_AGGRESSIVE;
				CLANG_CXX_LANGUAGE_STANDARD = "gnu++17";
				CLANG_ENABLE_MODULES = YES;
				CLANG_ENABLE_OBJC_ARC = YES;
				CLANG_ENABLE_OBJC_WEAK = YES;
				CLANG_WARN_BLOCK_CAPTURE_AUTORELEASING = YES;
				CLANG_WARN_BOOL_CONVERSION = YES;
				CLANG_WARN_COMMA = YES;
				CLANG_WARN_CONSTANT_CONVERSION = YES;
				CLANG_WARN_DEPRECATED_OBJC_IMPLEMENTATIONS = YES;
				CLANG_WARN_DIRECT_OBJC_ISA_USAGE = YES_ERROR;
				CLANG_WARN_DOCUMENTATION_COMMENTS = YES;
				CLANG_WARN_EMPTY_BODY = YES;
				CLANG_WARN_ENUM_CONVERSION = YES;
				CLANG_WARN_INFINITE_RECURSION = YES;
				CLANG_WARN_INT_CONVERSION = YES;
				CLANG_WARN_NON_LITERAL_NULL_CONVERSION = YES;
				CLANG_WARN_OBJC_IMPLICIT_RETAIN_SELF = YES;
				CLANG_WARN_OBJC_LITERAL_CONVERSION = YES;
				CLANG_WARN_OBJC_ROOT_CLASS = YES_ERROR;
				CLANG_WARN_QUOTED_INCLUDE_IN_FRAMEWORK_HEADER = YES;
				CLANG_WARN_RANGE_LOOP_ANALYSIS = YES;
				CLANG_WARN_STRICT_PROTOTYPES = YES;
				CLANG_WARN_SUSPICIOUS_MOVE = YES;
				CLANG_WARN_UNGUARDED_AVAILABILITY = YES_AGGRESSIVE;
				CLANG_WARN_UNREACHABLE_CODE = YES;
				CLANG_WARN__DUPLICATE_METHOD_MATCH = YES;
				COPY_PHASE_STRIP = NO;
				DEBUG_INFORMATION_FORMAT = "dwarf-with-dsym";
				ENABLE_NS_ASSERTIONS = NO;
				ENABLE_STRICT_OBJC_MSGSEND = YES;
				GCC_C_LANGUAGE_STANDARD = gnu11;
				GCC_NO_COMMON_BLOCKS = YES;
				GCC_WARN_64_TO_32_BIT_CONVERSION = YES;
				GCC_WARN_ABOUT_RETURN_TYPE = YES_ERROR;
				GCC_WARN_UNDECLARED_SELECTOR = YES;
				GCC_WARN_UNINITIALIZED_AUTOS = YES_AGGRESSIVE;
				GCC_WARN_UNUSED_FUNCTION = YES;
				GCC_WARN_UNUSED_VARIABLE = YES;
				IPHONEOS_DEPLOYMENT_TARGET = 15.5;
				MTL_ENABLE_DEBUG_INFO = NO;
				MTL_FAST_MATH = YES;
				SDKROOT = iphoneos;
				SWIFT_COMPILATION_MODE = wholemodule;
				SWIFT_OPTIMIZATION_LEVEL = "-O";
				VALIDATE_PRODUCT = YES;
			};
			name = Release;
		};
		BC19769328589ADA000ABE4C /* Debug */ = {
			isa = XCBuildConfiguration;
			buildSettings = {
				ASSETCATALOG_COMPILER_APPICON_NAME = AppIcon;
				ASSETCATALOG_COMPILER_GLOBAL_ACCENT_COLOR_NAME = AccentColor;
				CODE_SIGN_STYLE = Automatic;
				CURRENT_PROJECT_VERSION = 1;
				DEVELOPMENT_TEAM = W2MJCR4Q7K;
				GENERATE_INFOPLIST_FILE = YES;
				INFOPLIST_FILE = Gamerank/Info.plist;
				INFOPLIST_KEY_UIApplicationSupportsIndirectInputEvents = YES;
				INFOPLIST_KEY_UILaunchStoryboardName = LaunchScreen;
				INFOPLIST_KEY_UIMainStoryboardFile = Main;
				INFOPLIST_KEY_UISupportedInterfaceOrientations_iPad = "UIInterfaceOrientationPortrait UIInterfaceOrientationPortraitUpsideDown UIInterfaceOrientationLandscapeLeft UIInterfaceOrientationLandscapeRight";
				INFOPLIST_KEY_UISupportedInterfaceOrientations_iPhone = "UIInterfaceOrientationPortrait UIInterfaceOrientationLandscapeLeft UIInterfaceOrientationLandscapeRight";
				LD_RUNPATH_SEARCH_PATHS = (
					"$(inherited)",
					"@executable_path/Frameworks",
				);
				MARKETING_VERSION = 1.0;
				PRODUCT_BUNDLE_IDENTIFIER = com.fadhilikhsann.Gamerank;
				PRODUCT_NAME = "$(TARGET_NAME)";
				SWIFT_EMIT_LOC_STRINGS = YES;
				SWIFT_VERSION = 5.0;
				TARGETED_DEVICE_FAMILY = "1,2";
			};
			name = Debug;
		};
		BC19769428589ADA000ABE4C /* Release */ = {
			isa = XCBuildConfiguration;
			buildSettings = {
				ASSETCATALOG_COMPILER_APPICON_NAME = AppIcon;
				ASSETCATALOG_COMPILER_GLOBAL_ACCENT_COLOR_NAME = AccentColor;
				CODE_SIGN_STYLE = Automatic;
				CURRENT_PROJECT_VERSION = 1;
				DEVELOPMENT_TEAM = W2MJCR4Q7K;
				GENERATE_INFOPLIST_FILE = YES;
				INFOPLIST_FILE = Gamerank/Info.plist;
				INFOPLIST_KEY_UIApplicationSupportsIndirectInputEvents = YES;
				INFOPLIST_KEY_UILaunchStoryboardName = LaunchScreen;
				INFOPLIST_KEY_UIMainStoryboardFile = Main;
				INFOPLIST_KEY_UISupportedInterfaceOrientations_iPad = "UIInterfaceOrientationPortrait UIInterfaceOrientationPortraitUpsideDown UIInterfaceOrientationLandscapeLeft UIInterfaceOrientationLandscapeRight";
				INFOPLIST_KEY_UISupportedInterfaceOrientations_iPhone = "UIInterfaceOrientationPortrait UIInterfaceOrientationLandscapeLeft UIInterfaceOrientationLandscapeRight";
				LD_RUNPATH_SEARCH_PATHS = (
					"$(inherited)",
					"@executable_path/Frameworks",
				);
				MARKETING_VERSION = 1.0;
				PRODUCT_BUNDLE_IDENTIFIER = com.fadhilikhsann.Gamerank;
				PRODUCT_NAME = "$(TARGET_NAME)";
				SWIFT_EMIT_LOC_STRINGS = YES;
				SWIFT_VERSION = 5.0;
				TARGETED_DEVICE_FAMILY = "1,2";
			};
			name = Release;
		};
/* End XCBuildConfiguration section */

/* Begin XCConfigurationList section */
		BC19767928589AD8000ABE4C /* Build configuration list for PBXProject "Gamerank" */ = {
			isa = XCConfigurationList;
			buildConfigurations = (
				BC19769028589ADA000ABE4C /* Debug */,
				BC19769128589ADA000ABE4C /* Release */,
			);
			defaultConfigurationIsVisible = 0;
			defaultConfigurationName = Release;
		};
		BC19769228589ADA000ABE4C /* Build configuration list for PBXNativeTarget "Gamerank" */ = {
			isa = XCConfigurationList;
			buildConfigurations = (
				BC19769328589ADA000ABE4C /* Debug */,
				BC19769428589ADA000ABE4C /* Release */,
			);
			defaultConfigurationIsVisible = 0;
			defaultConfigurationName = Release;
		};
/* End XCConfigurationList section */

/* Begin XCVersionGroup section */
		BCAB75E72861B2E6003FE514 /* FavoriteGame.xcdatamodeld */ = {
			isa = XCVersionGroup;
			children = (
				BCAB75E82861B2E6003FE514 /* FavoriteGame.xcdatamodel */,
			);
			currentVersion = BCAB75E82861B2E6003FE514 /* FavoriteGame.xcdatamodel */;
			path = FavoriteGame.xcdatamodeld;
			sourceTree = "<group>";
			versionGroupType = wrapper.xcdatamodel;
		};
/* End XCVersionGroup section */
	};
	rootObject = BC19767628589AD8000ABE4C /* Project object */;
}
